
Microsoft Visual Studio Solution File, Format Version 12.00
# Visual Studio 15
VisualStudioVersion = 15.0.28307.572
MinimumVisualStudioVersion = 10.0.40219.1
Project("{FAE04EC0-301F-11D3-BF4B-00C04F79EFBC}") = "QuadaxChallenge", "QuadaxChallenge\QuadaxChallenge.csproj", "{1E0B9F8A-FE91-4863-B689-060853AFB428}"
EndProject
Global
	GlobalSection(SolutionConfigurationPlatforms) = preSolution
		Debug|Any CPU = Debug|Any CPU
		Release|Any CPU = Release|Any CPU
	EndGlobalSection
	GlobalSection(ProjectConfigurationPlatforms) = postSolution
		{1E0B9F8A-FE91-4863-B689-060853AFB428}.Debug|Any CPU.ActiveCfg = Debug|Any CPU
		{1E0B9F8A-FE91-4863-B689-060853AFB428}.Debug|Any CPU.Build.0 = Debug|Any CPU
		{1E0B9F8A-FE91-4863-B689-060853AFB428}.Release|Any CPU.ActiveCfg = Release|Any CPU
		{1E0B9F8A-FE91-4863-B689-060853AFB428}.Release|Any CPU.Build.0 = Release|Any CPU
	EndGlobalSection
	GlobalSection(SolutionProperties) = preSolution
		HideSolutionNode = FALSE
	EndGlobalSection
	GlobalSection(ExtensibilityGlobals) = postSolution
		SolutionGuid = {6E4A10CD-9C7D-488E-BCFE-0D2C4FCE8688}
	EndGlobalSection
EndGlobal
